// !$*UTF8*$!
{
	archiveVersion = 1;
	classes = {
	};
	objectVersion = 55;
	objects = {

/* Begin PBXBuildFile section */
		9388147627FC6003001A4E11 /* home.swift in Sources */ = {isa = PBXBuildFile; fileRef = 9388147527FC6003001A4E11 /* home.swift */; };
		9388147827FC6170001A4E11 /* PlayerViewController.swift in Sources */ = {isa = PBXBuildFile; fileRef = 9388147727FC6170001A4E11 /* PlayerViewController.swift */; };
		9388147A27FC61D8001A4E11 /* AlbumViewController.swift in Sources */ = {isa = PBXBuildFile; fileRef = 9388147927FC61D8001A4E11 /* AlbumViewController.swift */; };
		9388147E27FC62EC001A4E11 /* SearchViewController.swift in Sources */ = {isa = PBXBuildFile; fileRef = 9388147D27FC62EC001A4E11 /* SearchViewController.swift */; };
		ACCA65DD27FC399100A1C6C9 /* AppDelegate.swift in Sources */ = {isa = PBXBuildFile; fileRef = ACCA65DC27FC399100A1C6C9 /* AppDelegate.swift */; };
		ACCA65DF27FC399100A1C6C9 /* SceneDelegate.swift in Sources */ = {isa = PBXBuildFile; fileRef = ACCA65DE27FC399100A1C6C9 /* SceneDelegate.swift */; };
		ACCA65E127FC399100A1C6C9 /* ViewController.swift in Sources */ = {isa = PBXBuildFile; fileRef = ACCA65E027FC399100A1C6C9 /* ViewController.swift */; };
		ACCA65E427FC399100A1C6C9 /* Main.storyboard in Resources */ = {isa = PBXBuildFile; fileRef = ACCA65E227FC399100A1C6C9 /* Main.storyboard */; };
		ACCA65E627FC399400A1C6C9 /* Assets.xcassets in Resources */ = {isa = PBXBuildFile; fileRef = ACCA65E527FC399400A1C6C9 /* Assets.xcassets */; };
		ACCA65E927FC399400A1C6C9 /* LaunchScreen.storyboard in Resources */ = {isa = PBXBuildFile; fileRef = ACCA65E727FC399400A1C6C9 /* LaunchScreen.storyboard */; };
		ACCA65F727FC7C6900A1C6C9 /* ApiManager.swift in Sources */ = {isa = PBXBuildFile; fileRef = ACCA65F627FC7C6900A1C6C9 /* ApiManager.swift */; };
/* End PBXBuildFile section */

/* Begin PBXFileReference section */
		9388147527FC6003001A4E11 /* home.swift */ = {isa = PBXFileReference; lastKnownFileType = sourcecode.swift; path = home.swift; sourceTree = "<group>"; };
		9388147727FC6170001A4E11 /* PlayerViewController.swift */ = {isa = PBXFileReference; lastKnownFileType = sourcecode.swift; path = PlayerViewController.swift; sourceTree = "<group>"; };
		9388147927FC61D8001A4E11 /* AlbumViewController.swift */ = {isa = PBXFileReference; lastKnownFileType = sourcecode.swift; path = AlbumViewController.swift; sourceTree = "<group>"; };
		9388147D27FC62EC001A4E11 /* SearchViewController.swift */ = {isa = PBXFileReference; lastKnownFileType = sourcecode.swift; path = SearchViewController.swift; sourceTree = "<group>"; };
		ACCA65D927FC399100A1C6C9 /* onzer.app */ = {isa = PBXFileReference; explicitFileType = wrapper.application; includeInIndex = 0; path = onzer.app; sourceTree = BUILT_PRODUCTS_DIR; };
		ACCA65DC27FC399100A1C6C9 /* AppDelegate.swift */ = {isa = PBXFileReference; lastKnownFileType = sourcecode.swift; path = AppDelegate.swift; sourceTree = "<group>"; };
		ACCA65DE27FC399100A1C6C9 /* SceneDelegate.swift */ = {isa = PBXFileReference; lastKnownFileType = sourcecode.swift; path = SceneDelegate.swift; sourceTree = "<group>"; };
		ACCA65E027FC399100A1C6C9 /* ViewController.swift */ = {isa = PBXFileReference; lastKnownFileType = sourcecode.swift; path = ViewController.swift; sourceTree = "<group>"; };
		ACCA65E327FC399100A1C6C9 /* Base */ = {isa = PBXFileReference; lastKnownFileType = file.storyboard; name = Base; path = Base.lproj/Main.storyboard; sourceTree = "<group>"; };
		ACCA65E527FC399400A1C6C9 /* Assets.xcassets */ = {isa = PBXFileReference; lastKnownFileType = folder.assetcatalog; path = Assets.xcassets; sourceTree = "<group>"; };
		ACCA65E827FC399400A1C6C9 /* Base */ = {isa = PBXFileReference; lastKnownFileType = file.storyboard; name = Base; path = Base.lproj/LaunchScreen.storyboard; sourceTree = "<group>"; };
		ACCA65EA27FC399400A1C6C9 /* Info.plist */ = {isa = PBXFileReference; lastKnownFileType = text.plist.xml; path = Info.plist; sourceTree = "<group>"; };
		ACCA65F627FC7C6900A1C6C9 /* ApiManager.swift */ = {isa = PBXFileReference; lastKnownFileType = sourcecode.swift; name = ApiManager.swift; path = ../ApiManager.swift; sourceTree = "<group>"; };
/* End PBXFileReference section */

/* Begin PBXFrameworksBuildPhase section */
		ACCA65D627FC399100A1C6C9 /* Frameworks */ = {
			isa = PBXFrameworksBuildPhase;
			buildActionMask = 2147483647;
			files = (
			);
			runOnlyForDeploymentPostprocessing = 0;
		};
/* End PBXFrameworksBuildPhase section */

/* Begin PBXGroup section */
		ACCA65D027FC399100A1C6C9 = {
			isa = PBXGroup;
			children = (
				ACCA65DB27FC399100A1C6C9 /* onzer */,
				ACCA65DA27FC399100A1C6C9 /* Products */,
			);
			sourceTree = "<group>";
		};
		ACCA65DA27FC399100A1C6C9 /* Products */ = {
			isa = PBXGroup;
			children = (
				ACCA65D927FC399100A1C6C9 /* onzer.app */,
			);
			name = Products;
			sourceTree = "<group>";
		};
		ACCA65DB27FC399100A1C6C9 /* onzer */ = {
			isa = PBXGroup;
			children = (
				ACCA65DC27FC399100A1C6C9 /* AppDelegate.swift */,
				ACCA65DE27FC399100A1C6C9 /* SceneDelegate.swift */,
				ACCA65F627FC7C6900A1C6C9 /* ApiManager.swift */,
				ACF54FE227FDBE6100FBA115 /* Controller */,
				ACCA65E527FC399400A1C6C9 /* Assets.xcassets */,
				ACCA65E727FC399400A1C6C9 /* LaunchScreen.storyboard */,
				ACCA65EA27FC399400A1C6C9 /* Info.plist */,
				9388147527FC6003001A4E11 /* home.swift */,
				ACCA65E227FC399100A1C6C9 /* Main.storyboard */,
			);
			path = onzer;
			sourceTree = "<group>";
		};
		ACF54FE227FDBE6100FBA115 /* Controller */ = {
			isa = PBXGroup;
			children = (
				ACCA65E027FC399100A1C6C9 /* ViewController.swift */,
				9388147927FC61D8001A4E11 /* AlbumViewController.swift */,
				9388147727FC6170001A4E11 /* PlayerViewController.swift */,
				9388147D27FC62EC001A4E11 /* SearchViewController.swift */,
			);
			path = Controller;
			sourceTree = "<group>";
		};
/* End PBXGroup section */

/* Begin PBXNativeTarget section */
		ACCA65D827FC399100A1C6C9 /* onzer */ = {
			isa = PBXNativeTarget;
			buildConfigurationList = ACCA65ED27FC399400A1C6C9 /* Build configuration list for PBXNativeTarget "onzer" */;
			buildPhases = (
				ACCA65D527FC399100A1C6C9 /* Sources */,
				ACCA65D627FC399100A1C6C9 /* Frameworks */,
				ACCA65D727FC399100A1C6C9 /* Resources */,
			);
			buildRules = (
			);
			dependencies = (
			);
			name = onzer;
			productName = onzer;
			productReference = ACCA65D927FC399100A1C6C9 /* onzer.app */;
			productType = "com.apple.product-type.application";
		};
/* End PBXNativeTarget section */

/* Begin PBXProject section */
		ACCA65D127FC399100A1C6C9 /* Project object */ = {
			isa = PBXProject;
			attributes = {
				BuildIndependentTargetsInParallel = 1;
				LastSwiftUpdateCheck = 1320;
				LastUpgradeCheck = 1320;
				TargetAttributes = {
					ACCA65D827FC399100A1C6C9 = {
						CreatedOnToolsVersion = 13.2.1;
					};
				};
			};
			buildConfigurationList = ACCA65D427FC399100A1C6C9 /* Build configuration list for PBXProject "onzer" */;
			compatibilityVersion = "Xcode 13.0";
			developmentRegion = en;
			hasScannedForEncodings = 0;
			knownRegions = (
				en,
				Base,
			);
			mainGroup = ACCA65D027FC399100A1C6C9;
			productRefGroup = ACCA65DA27FC399100A1C6C9 /* Products */;
			projectDirPath = "";
			projectRoot = "";
			targets = (
				ACCA65D827FC399100A1C6C9 /* onzer */,
			);
		};
/* End PBXProject section */

/* Begin PBXResourcesBuildPhase section */
		ACCA65D727FC399100A1C6C9 /* Resources */ = {
			isa = PBXResourcesBuildPhase;
			buildActionMask = 2147483647;
			files = (
				ACCA65E927FC399400A1C6C9 /* LaunchScreen.storyboard in Resources */,
				ACCA65E627FC399400A1C6C9 /* Assets.xcassets in Resources */,
				ACCA65E427FC399100A1C6C9 /* Main.storyboard in Resources */,
			);
			runOnlyForDeploymentPostprocessing = 0;
		};
/* End PBXResourcesBuildPhase section */

/* Begin PBXSourcesBuildPhase section */
		ACCA65D527FC399100A1C6C9 /* Sources */ = {
			isa = PBXSourcesBuildPhase;
			buildActionMask = 2147483647;
			files = (
				ACCA65F727FC7C6900A1C6C9 /* ApiManager.swift in Sources */,
				9388147A27FC61D8001A4E11 /* AlbumViewController.swift in Sources */,
				9388147E27FC62EC001A4E11 /* SearchViewController.swift in Sources */,
				ACCA65E127FC399100A1C6C9 /* ViewController.swift in Sources */,
				ACCA65DD27FC399100A1C6C9 /* AppDelegate.swift in Sources */,
				9388147627FC6003001A4E11 /* home.swift in Sources */,
				ACCA65DF27FC399100A1C6C9 /* SceneDelegate.swift in Sources */,
				9388147827FC6170001A4E11 /* PlayerViewController.swift in Sources */,
			);
			runOnlyForDeploymentPostprocessing = 0;
		};
/* End PBXSourcesBuildPhase section */

/* Begin PBXVariantGroup section */
		ACCA65E227FC399100A1C6C9 /* Main.storyboard */ = {
			isa = PBXVariantGroup;
			children = (
				ACCA65E327FC399100A1C6C9 /* Base */,
			);
			name = Main.storyboard;
			sourceTree = "<group>";
		};
		ACCA65E727FC399400A1C6C9 /* LaunchScreen.storyboard */ = {
			isa = PBXVariantGroup;
			children = (
				ACCA65E827FC399400A1C6C9 /* Base */,
			);
			name = LaunchScreen.storyboard;
			sourceTree = "<group>";
		};
/* End PBXVariantGroup section */

/* Begin XCBuildConfiguration section */
		ACCA65EB27FC399400A1C6C9 /* Debug */ = {
			isa = XCBuildConfiguration;
			buildSettings = {
				ALWAYS_SEARCH_USER_PATHS = NO;
				CLANG_ANALYZER_NONNULL = YES;
				CLANG_ANALYZER_NUMBER_OBJECT_CONVERSION = YES_AGGRESSIVE;
				CLANG_CXX_LANGUAGE_STANDARD = "gnu++17";
				CLANG_CXX_LIBRARY = "libc++";
				CLANG_ENABLE_MODULES = YES;
				CLANG_ENABLE_OBJC_ARC = YES;
				CLANG_ENABLE_OBJC_WEAK = YES;
				CLANG_WARN_BLOCK_CAPTURE_AUTORELEASING = YES;
				CLANG_WARN_BOOL_CONVERSION = YES;
				CLANG_WARN_COMMA = YES;
				CLANG_WARN_CONSTANT_CONVERSION = YES;
				CLANG_WARN_DEPRECATED_OBJC_IMPLEMENTATIONS = YES;
				CLANG_WARN_DIRECT_OBJC_ISA_USAGE = YES_ERROR;
				CLANG_WARN_DOCUMENTATION_COMMENTS = YES;
				CLANG_WARN_EMPTY_BODY = YES;
				CLANG_WARN_ENUM_CONVERSION = YES;
				CLANG_WARN_INFINITE_RECURSION = YES;
				CLANG_WARN_INT_CONVERSION = YES;
				CLANG_WARN_NON_LITERAL_NULL_CONVERSION = YES;
				CLANG_WARN_OBJC_IMPLICIT_RETAIN_SELF = YES;
				CLANG_WARN_OBJC_LITERAL_CONVERSION = YES;
				CLANG_WARN_OBJC_ROOT_CLASS = YES_ERROR;
				CLANG_WARN_QUOTED_INCLUDE_IN_FRAMEWORK_HEADER = YES;
				CLANG_WARN_RANGE_LOOP_ANALYSIS = YES;
				CLANG_WARN_STRICT_PROTOTYPES = YES;
				CLANG_WARN_SUSPICIOUS_MOVE = YES;
				CLANG_WARN_UNGUARDED_AVAILABILITY = YES_AGGRESSIVE;
				CLANG_WARN_UNREACHABLE_CODE = YES;
				CLANG_WARN__DUPLICATE_METHOD_MATCH = YES;
				COPY_PHASE_STRIP = NO;
				DEBUG_INFORMATION_FORMAT = dwarf;
				ENABLE_STRICT_OBJC_MSGSEND = YES;
				ENABLE_TESTABILITY = YES;
				GCC_C_LANGUAGE_STANDARD = gnu11;
				GCC_DYNAMIC_NO_PIC = NO;
				GCC_NO_COMMON_BLOCKS = YES;
				GCC_OPTIMIZATION_LEVEL = 0;
				GCC_PREPROCESSOR_DEFINITIONS = (
					"DEBUG=1",
					"$(inherited)",
				);
				GCC_WARN_64_TO_32_BIT_CONVERSION = YES;
				GCC_WARN_ABOUT_RETURN_TYPE = YES_ERROR;
				GCC_WARN_UNDECLARED_SELECTOR = YES;
				GCC_WARN_UNINITIALIZED_AUTOS = YES_AGGRESSIVE;
				GCC_WARN_UNUSED_FUNCTION = YES;
				GCC_WARN_UNUSED_VARIABLE = YES;
				IPHONEOS_DEPLOYMENT_TARGET = 15.2;
				MTL_ENABLE_DEBUG_INFO = INCLUDE_SOURCE;
				MTL_FAST_MATH = YES;
				ONLY_ACTIVE_ARCH = YES;
				SDKROOT = iphoneos;
				SWIFT_ACTIVE_COMPILATION_CONDITIONS = DEBUG;
				SWIFT_OPTIMIZATION_LEVEL = "-Onone";
			};
			name = Debug;
		};
		ACCA65EC27FC399400A1C6C9 /* Release */ = {
			isa = XCBuildConfiguration;
			buildSettings = {
				ALWAYS_SEARCH_USER_PATHS = NO;
				CLANG_ANALYZER_NONNULL = YES;
				CLANG_ANALYZER_NUMBER_OBJECT_CONVERSION = YES_AGGRESSIVE;
				CLANG_CXX_LANGUAGE_STANDARD = "gnu++17";
				CLANG_CXX_LIBRARY = "libc++";
				CLANG_ENABLE_MODULES = YES;
				CLANG_ENABLE_OBJC_ARC = YES;
				CLANG_ENABLE_OBJC_WEAK = YES;
				CLANG_WARN_BLOCK_CAPTURE_AUTORELEASING = YES;
				CLANG_WARN_BOOL_CONVERSION = YES;
				CLANG_WARN_COMMA = YES;
				CLANG_WARN_CONSTANT_CONVERSION = YES;
				CLANG_WARN_DEPRECATED_OBJC_IMPLEMENTATIONS = YES;
				CLANG_WARN_DIRECT_OBJC_ISA_USAGE = YES_ERROR;
				CLANG_WARN_DOCUMENTATION_COMMENTS = YES;
				CLANG_WARN_EMPTY_BODY = YES;
				CLANG_WARN_ENUM_CONVERSION = YES;
				CLANG_WARN_INFINITE_RECURSION = YES;
				CLANG_WARN_INT_CONVERSION = YES;
				CLANG_WARN_NON_LITERAL_NULL_CONVERSION = YES;
				CLANG_WARN_OBJC_IMPLICIT_RETAIN_SELF = YES;
				CLANG_WARN_OBJC_LITERAL_CONVERSION = YES;
				CLANG_WARN_OBJC_ROOT_CLASS = YES_ERROR;
				CLANG_WARN_QUOTED_INCLUDE_IN_FRAMEWORK_HEADER = YES;
				CLANG_WARN_RANGE_LOOP_ANALYSIS = YES;
				CLANG_WARN_STRICT_PROTOTYPES = YES;
				CLANG_WARN_SUSPICIOUS_MOVE = YES;
				CLANG_WARN_UNGUARDED_AVAILABILITY = YES_AGGRESSIVE;
				CLANG_WARN_UNREACHABLE_CODE = YES;
				CLANG_WARN__DUPLICATE_METHOD_MATCH = YES;
				COPY_PHASE_STRIP = NO;
				DEBUG_INFORMATION_FORMAT = "dwarf-with-dsym";
				ENABLE_NS_ASSERTIONS = NO;
				ENABLE_STRICT_OBJC_MSGSEND = YES;
				GCC_C_LANGUAGE_STANDARD = gnu11;
				GCC_NO_COMMON_BLOCKS = YES;
				GCC_WARN_64_TO_32_BIT_CONVERSION = YES;
				GCC_WARN_ABOUT_RETURN_TYPE = YES_ERROR;
				GCC_WARN_UNDECLARED_SELECTOR = YES;
				GCC_WARN_UNINITIALIZED_AUTOS = YES_AGGRESSIVE;
				GCC_WARN_UNUSED_FUNCTION = YES;
				GCC_WARN_UNUSED_VARIABLE = YES;
				IPHONEOS_DEPLOYMENT_TARGET = 15.2;
				MTL_ENABLE_DEBUG_INFO = NO;
				MTL_FAST_MATH = YES;
				SDKROOT = iphoneos;
				SWIFT_COMPILATION_MODE = wholemodule;
				SWIFT_OPTIMIZATION_LEVEL = "-O";
				VALIDATE_PRODUCT = YES;
			};
			name = Release;
		};
		ACCA65EE27FC399400A1C6C9 /* Debug */ = {
			isa = XCBuildConfiguration;
			buildSettings = {
				ASSETCATALOG_COMPILER_APPICON_NAME = AppIcon;
				ASSETCATALOG_COMPILER_GLOBAL_ACCENT_COLOR_NAME = AccentColor;
				CODE_SIGN_STYLE = Automatic;
				CURRENT_PROJECT_VERSION = 1;
				GENERATE_INFOPLIST_FILE = YES;
				INFOPLIST_FILE = onzer/Info.plist;
				INFOPLIST_KEY_UIApplicationSupportsIndirectInputEvents = YES;
				INFOPLIST_KEY_UILaunchStoryboardName = LaunchScreen;
				INFOPLIST_KEY_UIMainStoryboardFile = Main;
				INFOPLIST_KEY_UISupportedInterfaceOrientations_iPad = "UIInterfaceOrientationPortrait UIInterfaceOrientationPortraitUpsideDown UIInterfaceOrientationLandscapeLeft UIInterfaceOrientationLandscapeRight";
				INFOPLIST_KEY_UISupportedInterfaceOrientations_iPhone = "UIInterfaceOrientationPortrait UIInterfaceOrientationLandscapeLeft UIInterfaceOrientationLandscapeRight";
				LD_RUNPATH_SEARCH_PATHS = (
					"$(inherited)",
					"@executable_path/Frameworks",
				);
				MARKETING_VERSION = 1.0;
				PRODUCT_BUNDLE_IDENTIFIER = testIOS.onzer;
				PRODUCT_NAME = "$(TARGET_NAME)";
				SWIFT_EMIT_LOC_STRINGS = YES;
				SWIFT_VERSION = 5.0;
				TARGETED_DEVICE_FAMILY = "1,2";
			};
			name = Debug;
		};
		ACCA65EF27FC399400A1C6C9 /* Release */ = {
			isa = XCBuildConfiguration;
			buildSettings = {
				ASSETCATALOG_COMPILER_APPICON_NAME = AppIcon;
				ASSETCATALOG_COMPILER_GLOBAL_ACCENT_COLOR_NAME = AccentColor;
				CODE_SIGN_STYLE = Automatic;
				CURRENT_PROJECT_VERSION = 1;
				GENERATE_INFOPLIST_FILE = YES;
				INFOPLIST_FILE = onzer/Info.plist;
				INFOPLIST_KEY_UIApplicationSupportsIndirectInputEvents = YES;
				INFOPLIST_KEY_UILaunchStoryboardName = LaunchScreen;
				INFOPLIST_KEY_UIMainStoryboardFile = Main;
				INFOPLIST_KEY_UISupportedInterfaceOrientations_iPad = "UIInterfaceOrientationPortrait UIInterfaceOrientationPortraitUpsideDown UIInterfaceOrientationLandscapeLeft UIInterfaceOrientationLandscapeRight";
				INFOPLIST_KEY_UISupportedInterfaceOrientations_iPhone = "UIInterfaceOrientationPortrait UIInterfaceOrientationLandscapeLeft UIInterfaceOrientationLandscapeRight";
				LD_RUNPATH_SEARCH_PATHS = (
					"$(inherited)",
					"@executable_path/Frameworks",
				);
				MARKETING_VERSION = 1.0;
				PRODUCT_BUNDLE_IDENTIFIER = testIOS.onzer;
				PRODUCT_NAME = "$(TARGET_NAME)";
				SWIFT_EMIT_LOC_STRINGS = YES;
				SWIFT_VERSION = 5.0;
				TARGETED_DEVICE_FAMILY = "1,2";
			};
			name = Release;
		};
/* End XCBuildConfiguration section */

/* Begin XCConfigurationList section */
		ACCA65D427FC399100A1C6C9 /* Build configuration list for PBXProject "onzer" */ = {
			isa = XCConfigurationList;
			buildConfigurations = (
				ACCA65EB27FC399400A1C6C9 /* Debug */,
				ACCA65EC27FC399400A1C6C9 /* Release */,
			);
			defaultConfigurationIsVisible = 0;
			defaultConfigurationName = Release;
		};
		ACCA65ED27FC399400A1C6C9 /* Build configuration list for PBXNativeTarget "onzer" */ = {
			isa = XCConfigurationList;
			buildConfigurations = (
				ACCA65EE27FC399400A1C6C9 /* Debug */,
				ACCA65EF27FC399400A1C6C9 /* Release */,
			);
			defaultConfigurationIsVisible = 0;
			defaultConfigurationName = Release;
		};
/* End XCConfigurationList section */
	};
	rootObject = ACCA65D127FC399100A1C6C9 /* Project object */;
}
